
Microsoft Visual Studio Solution File, Format Version 12.00
# Visual Studio Version 16
VisualStudioVersion = 16.0.31105.61
MinimumVisualStudioVersion = 10.0.40219.1
Project("{FAE04EC0-301F-11D3-BF4B-00C04F79EFBC}") = "ParticleSystemExample", "ParticleSystemExample\ParticleSystemExample.csproj", "{5EDC02A1-3DA1-411E-84D1-D2C4D31CA1C0}"
EndProject
Global
	GlobalSection(SolutionConfigurationPlatforms) = preSolution
		Debug|Any CPU = Debug|Any CPU
		Release|Any CPU = Release|Any CPU
	EndGlobalSection
	GlobalSection(ProjectConfigurationPlatforms) = postSolution
		{5EDC02A1-3DA1-411E-84D1-D2C4D31CA1C0}.Debug|Any CPU.ActiveCfg = Debug|Any CPU
		{5EDC02A1-3DA1-411E-84D1-D2C4D31CA1C0}.Debug|Any CPU.Build.0 = Debug|Any CPU
		{5EDC02A1-3DA1-411E-84D1-D2C4D31CA1C0}.Release|Any CPU.ActiveCfg = Release|Any CPU
		{5EDC02A1-3DA1-411E-84D1-D2C4D31CA1C0}.Release|Any CPU.Build.0 = Release|Any CPU
	EndGlobalSection
	GlobalSection(SolutionProperties) = preSolution
		HideSolutionNode = FALSE
	EndGlobalSection
	GlobalSection(ExtensibilityGlobals) = postSolution
		SolutionGuid = {F576AD42-D419-4F9C-BCDC-A35A06E769C2}
	EndGlobalSection
EndGlobal
